
Microsoft Visual Studio Solution File, Format Version 12.00
# Visual Studio Version 16
VisualStudioVersion = 16.0.29418.71
MinimumVisualStudioVersion = 10.0.40219.1
Project("{FAE04EC0-301F-11D3-BF4B-00C04F79EFBC}") = "Bezier_curves_WPF", "Bezier_curves_WPF\Bezier_curves_WPF.csproj", "{E5E58230-0F32-41E2-8F6D-CAD2AADFFFB8}"
EndProject
Global
	GlobalSection(SolutionConfigurationPlatforms) = preSolution
		Debug|Any CPU = Debug|Any CPU
		Release|Any CPU = Release|Any CPU
	EndGlobalSection
	GlobalSection(ProjectConfigurationPlatforms) = postSolution
		{E5E58230-0F32-41E2-8F6D-CAD2AADFFFB8}.Debug|Any CPU.ActiveCfg = Debug|Any CPU
		{E5E58230-0F32-41E2-8F6D-CAD2AADFFFB8}.Debug|Any CPU.Build.0 = Debug|Any CPU
		{E5E58230-0F32-41E2-8F6D-CAD2AADFFFB8}.Release|Any CPU.ActiveCfg = Release|Any CPU
		{E5E58230-0F32-41E2-8F6D-CAD2AADFFFB8}.Release|Any CPU.Build.0 = Release|Any CPU
	EndGlobalSection
	GlobalSection(SolutionProperties) = preSolution
		HideSolutionNode = FALSE
	EndGlobalSection
	GlobalSection(ExtensibilityGlobals) = postSolution
		SolutionGuid = {1365A369-DFB8-44FF-BBE3-C8C6654230F9}
	EndGlobalSection
EndGlobal
