
Microsoft Visual Studio Solution File, Format Version 12.00
# Visual Studio Version 16
VisualStudioVersion = 16.0.29519.181
MinimumVisualStudioVersion = 10.0.40219.1
Project("{FAE04EC0-301F-11D3-BF4B-00C04F79EFBC}") = "Lab", "Lab\Lab.csproj", "{F3B0E65B-9E58-4DA8-9EC3-EC218843935A}"
EndProject
Global
	GlobalSection(SolutionConfigurationPlatforms) = preSolution
		Debug|Any CPU = Debug|Any CPU
		Release|Any CPU = Release|Any CPU
	EndGlobalSection
	GlobalSection(ProjectConfigurationPlatforms) = postSolution
		{F3B0E65B-9E58-4DA8-9EC3-EC218843935A}.Debug|Any CPU.ActiveCfg = Debug|Any CPU
		{F3B0E65B-9E58-4DA8-9EC3-EC218843935A}.Debug|Any CPU.Build.0 = Debug|Any CPU
		{F3B0E65B-9E58-4DA8-9EC3-EC218843935A}.Release|Any CPU.ActiveCfg = Release|Any CPU
		{F3B0E65B-9E58-4DA8-9EC3-EC218843935A}.Release|Any CPU.Build.0 = Release|Any CPU
	EndGlobalSection
	GlobalSection(SolutionProperties) = preSolution
		HideSolutionNode = FALSE
	EndGlobalSection
	GlobalSection(ExtensibilityGlobals) = postSolution
		SolutionGuid = {D89584E9-26C7-425E-9030-877038DA31ED}
	EndGlobalSection
EndGlobal
