
Microsoft Visual Studio Solution File, Format Version 12.00
# Visual Studio Version 16
VisualStudioVersion = 16.0.29519.181
MinimumVisualStudioVersion = 10.0.40219.1
Project("{FAE04EC0-301F-11D3-BF4B-00C04F79EFBC}") = "Bezier_2.0", "Bezier_2.0\Bezier_2.0.csproj", "{02FDDDCB-2CA0-427A-BAAD-B7B26B8E3F88}"
EndProject
Global
	GlobalSection(SolutionConfigurationPlatforms) = preSolution
		Debug|Any CPU = Debug|Any CPU
		Release|Any CPU = Release|Any CPU
	EndGlobalSection
	GlobalSection(ProjectConfigurationPlatforms) = postSolution
		{02FDDDCB-2CA0-427A-BAAD-B7B26B8E3F88}.Debug|Any CPU.ActiveCfg = Debug|Any CPU
		{02FDDDCB-2CA0-427A-BAAD-B7B26B8E3F88}.Debug|Any CPU.Build.0 = Debug|Any CPU
		{02FDDDCB-2CA0-427A-BAAD-B7B26B8E3F88}.Release|Any CPU.ActiveCfg = Release|Any CPU
		{02FDDDCB-2CA0-427A-BAAD-B7B26B8E3F88}.Release|Any CPU.Build.0 = Release|Any CPU
	EndGlobalSection
	GlobalSection(SolutionProperties) = preSolution
		HideSolutionNode = FALSE
	EndGlobalSection
	GlobalSection(ExtensibilityGlobals) = postSolution
		SolutionGuid = {DBF582D3-E603-4844-A7FF-4810D48D2F55}
	EndGlobalSection
EndGlobal
