
Microsoft Visual Studio Solution File, Format Version 12.00
# Visual Studio Version 16
VisualStudioVersion = 16.0.29418.71
MinimumVisualStudioVersion = 10.0.40219.1
Project("{FAE04EC0-301F-11D3-BF4B-00C04F79EFBC}") = "WPF_lab_1", "WPF_lab_1\WPF_lab_1.csproj", "{5421542C-42A8-4045-89C1-16351044B3A7}"
EndProject
Global
	GlobalSection(SolutionConfigurationPlatforms) = preSolution
		Debug|Any CPU = Debug|Any CPU
		Release|Any CPU = Release|Any CPU
	EndGlobalSection
	GlobalSection(ProjectConfigurationPlatforms) = postSolution
		{5421542C-42A8-4045-89C1-16351044B3A7}.Debug|Any CPU.ActiveCfg = Debug|Any CPU
		{5421542C-42A8-4045-89C1-16351044B3A7}.Debug|Any CPU.Build.0 = Debug|Any CPU
		{5421542C-42A8-4045-89C1-16351044B3A7}.Release|Any CPU.ActiveCfg = Release|Any CPU
		{5421542C-42A8-4045-89C1-16351044B3A7}.Release|Any CPU.Build.0 = Release|Any CPU
	EndGlobalSection
	GlobalSection(SolutionProperties) = preSolution
		HideSolutionNode = FALSE
	EndGlobalSection
	GlobalSection(ExtensibilityGlobals) = postSolution
		SolutionGuid = {108FFA25-8706-4A93-97C0-EC76ED64A337}
	EndGlobalSection
EndGlobal
